github.com/wabarc/helper v0.0.0-20210127120855-10af37cc2616 h1:wZ5HtpmZAVUq0Im5Sm92ycJrTeLJk5lB/Kvh55Rd+Ps=
github.com/wabarc/helper v0.0.0-20210127120855-10af37cc2616/go.mod h1:N9P4r7Rn46p4nkWtXV6ztN3p5ACVnp++bgfwjTqSxQ8=
github.com/wabarc/logger v0.0.0-20210417045349-d0d82e8e99ee h1:MMIp++7eem2CI1jIYDoPByMwXeZAjsFo2ciBNtvhB80=
github.com/wabarc/logger v0.0.0-20210417045349-d0d82e8e99ee/go.mod h1:4uYr9fnQaQoDk1ttTzLnSB3lZm3i/vrJwN8EZIB2YuI=
