github.com/kr/pretty v0.1.0/go.mod h1:dAy3ld7l9f0ibDNOQOHHMYYIIbhfbHSm3C4ZsoJORNo=
github.com/kr/pty v1.1.1/go.mod h1:pFQYn66WHrOpPYNljwOMqo10TkYh1fy3cYio2l3bCsQ=
github.com/kr/text v0.1.0/go.mod h1:4Jbv+DJW3UT/LiOwJeYQe1efqtUx/iVham/4vfdArNI=
github.com/rogpeppe/go-internal v1.5.2/go.mod h1:xXDCJY+GAPziupqXw64V24skbSoqbTEfhy4qGm1nDQc=
github.com/wabarc/helper v0.0.0-20210701193643-e0fe0a807cb9 h1:cO9x2t4ruB90tdbvUrvX0dNsiaTUjhmOAYeiHBZZwAI=
github.com/wabarc/helper v0.0.0-20210701193643-e0fe0a807cb9/go.mod h1:TuTZtoiOu984UWOf7FfX58JllKMjq7FCz701kB5W88E=
github.com/wabarc/logger v0.0.0-20210417045349-d0d82e8e99ee h1:MMIp++7eem2CI1jIYDoPByMwXeZAjsFo2ciBNtvhB80=
github.com/wabarc/logger v0.0.0-20210417045349-d0d82e8e99ee/go.mod h1:4uYr9fnQaQoDk1ttTzLnSB3lZm3i/vrJwN8EZIB2YuI=
gopkg.in/check.v1 v1.0.0-20180628173108-788fd7840127/go.mod h1:Co6ibVJAznAaIkqp8huTwlJQCZ016jof/cbN4VW5Yz0=
gopkg.in/check.v1 v1.0.0-20190902080502-41f04d3bba15/go.mod h1:Co6ibVJAznAaIkqp8huTwlJQCZ016jof/cbN4VW5Yz0=
gopkg.in/errgo.v2 v2.1.0/go.mod h1:hNsd1EY+bozCKY1Ytp96fpM3vjJbqLJn88ws8XvfDNI=
mvdan.cc/xurls/v2 v2.2.0 h1:NSZPykBXJFCetGZykLAxaL6SIpvbVy/UFEniIfHAa8A=
mvdan.cc/xurls/v2 v2.2.0/go.mod h1:EV1RMtya9D6G5DMYPGD8zTQzaHet6Jh8gFlRgGRJeO8=
